
Microsoft Visual Studio Solution File, Format Version 12.00
# Visual Studio Version 17
VisualStudioVersion = 17.11.35219.272
MinimumVisualStudioVersion = 10.0.40219.1
Project("{FAE04EC0-301F-11D3-BF4B-00C04F79EFBC}") = "CSInterface", "CSInterface\CSInterface.csproj", "{C9E259F6-4415-4BE9-BD80-7CE9A93C4CF6}"
EndProject
Global
	GlobalSection(SolutionConfigurationPlatforms) = preSolution
		Debug|Any CPU = Debug|Any CPU
		Release|Any CPU = Release|Any CPU
	EndGlobalSection
	GlobalSection(ProjectConfigurationPlatforms) = postSolution
		{C9E259F6-4415-4BE9-BD80-7CE9A93C4CF6}.Debug|Any CPU.ActiveCfg = Debug|Any CPU
		{C9E259F6-4415-4BE9-BD80-7CE9A93C4CF6}.Debug|Any CPU.Build.0 = Debug|Any CPU
		{C9E259F6-4415-4BE9-BD80-7CE9A93C4CF6}.Release|Any CPU.ActiveCfg = Release|Any CPU
		{C9E259F6-4415-4BE9-BD80-7CE9A93C4CF6}.Release|Any CPU.Build.0 = Release|Any CPU
	EndGlobalSection
	GlobalSection(SolutionProperties) = preSolution
		HideSolutionNode = FALSE
	EndGlobalSection
	GlobalSection(ExtensibilityGlobals) = postSolution
		SolutionGuid = {9391D111-DA35-489F-9F3D-78CE722D08D0}
	EndGlobalSection
EndGlobal
